
Microsoft Visual Studio Solution File, Format Version 12.00
# Visual Studio 2013
VisualStudioVersion = 12.0.30501.0
MinimumVisualStudioVersion = 10.0.40219.1
Project("{FAE04EC0-301F-11D3-BF4B-00C04F79EFBC}") = "WLC.Domain", "WLC.Domain\WLC.Domain.csproj", "{C52D0ADD-0460-49AD-913D-445E602EB9EA}"
EndProject
Project("{FAE04EC0-301F-11D3-BF4B-00C04F79EFBC}") = "WLC.Client", "WLC.Client\WLC.Client.csproj", "{D7483480-E1A6-4E6E-94E9-B81A742E5F23}"
EndProject
Global
	GlobalSection(SolutionConfigurationPlatforms) = preSolution
		Debug|Any CPU = Debug|Any CPU
		Release|Any CPU = Release|Any CPU
	EndGlobalSection
	GlobalSection(ProjectConfigurationPlatforms) = postSolution
		{C52D0ADD-0460-49AD-913D-445E602EB9EA}.Debug|Any CPU.ActiveCfg = Debug|Any CPU
		{C52D0ADD-0460-49AD-913D-445E602EB9EA}.Debug|Any CPU.Build.0 = Debug|Any CPU
		{C52D0ADD-0460-49AD-913D-445E602EB9EA}.Release|Any CPU.ActiveCfg = Release|Any CPU
		{C52D0ADD-0460-49AD-913D-445E602EB9EA}.Release|Any CPU.Build.0 = Release|Any CPU
		{D7483480-E1A6-4E6E-94E9-B81A742E5F23}.Debug|Any CPU.ActiveCfg = Debug|Any CPU
		{D7483480-E1A6-4E6E-94E9-B81A742E5F23}.Debug|Any CPU.Build.0 = Debug|Any CPU
		{D7483480-E1A6-4E6E-94E9-B81A742E5F23}.Release|Any CPU.ActiveCfg = Release|Any CPU
		{D7483480-E1A6-4E6E-94E9-B81A742E5F23}.Release|Any CPU.Build.0 = Release|Any CPU
		{DFB3A333-2473-42BD-A63E-FCDB5A501FD4}.Debug|Any CPU.ActiveCfg = Debug|Any CPU
		{DFB3A333-2473-42BD-A63E-FCDB5A501FD4}.Debug|Any CPU.Build.0 = Debug|Any CPU
		{DFB3A333-2473-42BD-A63E-FCDB5A501FD4}.Release|Any CPU.ActiveCfg = Release|Any CPU
		{DFB3A333-2473-42BD-A63E-FCDB5A501FD4}.Release|Any CPU.Build.0 = Release|Any CPU
	EndGlobalSection
	GlobalSection(SolutionProperties) = preSolution
		HideSolutionNode = FALSE
	EndGlobalSection
EndGlobal
